
Microsoft Visual Studio Solution File, Format Version 12.00
# Visual Studio Version 17
VisualStudioVersion = 17.9.34728.123
MinimumVisualStudioVersion = 10.0.40219.1
Project("{FAE04EC0-301F-11D3-BF4B-00C04F79EFBC}") = "Ex03.GarageLogic", "Ex03.GarageLogic\Ex03.GarageLogic.csproj", "{BBD07283-78A0-406E-8182-A91FB190C773}"
EndProject
Project("{FAE04EC0-301F-11D3-BF4B-00C04F79EFBC}") = "Ex03.ConsoleUI", "Ex03.ConsoleUI\Ex03.ConsoleUI.csproj", "{13EEF1F6-13D8-427F-A6E9-85224A2B4EB4}"
EndProject
Global
	GlobalSection(SolutionConfigurationPlatforms) = preSolution
		Debug|Any CPU = Debug|Any CPU
		Release|Any CPU = Release|Any CPU
	EndGlobalSection
	GlobalSection(ProjectConfigurationPlatforms) = postSolution
		{BBD07283-78A0-406E-8182-A91FB190C773}.Debug|Any CPU.ActiveCfg = Debug|Any CPU
		{BBD07283-78A0-406E-8182-A91FB190C773}.Debug|Any CPU.Build.0 = Debug|Any CPU
		{BBD07283-78A0-406E-8182-A91FB190C773}.Release|Any CPU.ActiveCfg = Release|Any CPU
		{BBD07283-78A0-406E-8182-A91FB190C773}.Release|Any CPU.Build.0 = Release|Any CPU
		{13EEF1F6-13D8-427F-A6E9-85224A2B4EB4}.Debug|Any CPU.ActiveCfg = Debug|Any CPU
		{13EEF1F6-13D8-427F-A6E9-85224A2B4EB4}.Debug|Any CPU.Build.0 = Debug|Any CPU
		{13EEF1F6-13D8-427F-A6E9-85224A2B4EB4}.Release|Any CPU.ActiveCfg = Release|Any CPU
		{13EEF1F6-13D8-427F-A6E9-85224A2B4EB4}.Release|Any CPU.Build.0 = Release|Any CPU
	EndGlobalSection
	GlobalSection(SolutionProperties) = preSolution
		HideSolutionNode = FALSE
	EndGlobalSection
	GlobalSection(ExtensibilityGlobals) = postSolution
		SolutionGuid = {2B397A39-A2CE-4C3E-BA65-365D274DE318}
	EndGlobalSection
EndGlobal
